
Microsoft Visual Studio Solution File, Format Version 12.00
# Visual Studio Version 17
VisualStudioVersion = 17.2.32630.192
MinimumVisualStudioVersion = 10.0.40219.1
Project("{9A19103F-16F7-4668-BE54-9A1E7A4F7556}") = "R5T.T0191", "R5T.T0191\R5T.T0191.csproj", "{716C94C6-A43A-4717-92AF-EE31EB524B3E}"
EndProject
Project("{2150E333-8FDC-42A3-9474-1A3956D46DE8}") = "_Dependencies", "_Dependencies", "{FC6A5711-0C9E-408C-A1E9-95FBEC5F126A}"
EndProject
Project("{9A19103F-16F7-4668-BE54-9A1E7A4F7556}") = "R5T.T0132", "..\..\R5T.T0132\source\R5T.T0132\R5T.T0132.csproj", "{8ECE0D08-812B-4B1C-9C0D-3EA378D86F69}"
EndProject
Project("{9A19103F-16F7-4668-BE54-9A1E7A4F7556}") = "R5T.T0143", "..\..\R5T.T0143\source\R5T.T0143\R5T.T0143.csproj", "{1C99A802-4801-485C-BC92-6A4B2E022D61}"
EndProject
Project("{9A19103F-16F7-4668-BE54-9A1E7A4F7556}") = "R5T.T0178", "..\..\R5T.T0178\source\R5T.T0178\R5T.T0178.csproj", "{5A72C6B8-55A7-4D1D-B627-9DCC37382A06}"
EndProject
Project("{9A19103F-16F7-4668-BE54-9A1E7A4F7556}") = "R5T.T0179", "..\..\R5T.T0179\source\R5T.T0179\R5T.T0179.csproj", "{41DDA603-341C-4B6F-A7E6-F218F08A4DA5}"
EndProject
Project("{9A19103F-16F7-4668-BE54-9A1E7A4F7556}") = "R5T.T0180", "..\..\R5T.T0180\source\R5T.T0180\R5T.T0180.csproj", "{370702AE-0DBB-4591-A06B-B4F227D981F6}"
EndProject
Global
	GlobalSection(NestedProjects) = preSolution
		{8ECE0D08-812B-4B1C-9C0D-3EA378D86F69} = {FC6A5711-0C9E-408C-A1E9-95FBEC5F126A}
		{1C99A802-4801-485C-BC92-6A4B2E022D61} = {FC6A5711-0C9E-408C-A1E9-95FBEC5F126A}
		{5A72C6B8-55A7-4D1D-B627-9DCC37382A06} = {FC6A5711-0C9E-408C-A1E9-95FBEC5F126A}
		{41DDA603-341C-4B6F-A7E6-F218F08A4DA5} = {FC6A5711-0C9E-408C-A1E9-95FBEC5F126A}
		{370702AE-0DBB-4591-A06B-B4F227D981F6} = {FC6A5711-0C9E-408C-A1E9-95FBEC5F126A}
	EndGlobalSection
	GlobalSection(SolutionConfigurationPlatforms) = preSolution
		Debug|Any CPU = Debug|Any CPU
		Release|Any CPU = Release|Any CPU
	EndGlobalSection
	GlobalSection(ProjectConfigurationPlatforms) = postSolution
		{716C94C6-A43A-4717-92AF-EE31EB524B3E}.Debug|Any CPU.ActiveCfg = Debug|Any CPU
		{716C94C6-A43A-4717-92AF-EE31EB524B3E}.Debug|Any CPU.Build.0 = Debug|Any CPU
		{716C94C6-A43A-4717-92AF-EE31EB524B3E}.Release|Any CPU.ActiveCfg = Release|Any CPU
		{716C94C6-A43A-4717-92AF-EE31EB524B3E}.Release|Any CPU.Build.0 = Release|Any CPU
		{8ECE0D08-812B-4B1C-9C0D-3EA378D86F69}.Debug|Any CPU.ActiveCfg = Debug|Any CPU
		{8ECE0D08-812B-4B1C-9C0D-3EA378D86F69}.Debug|Any CPU.Build.0 = Debug|Any CPU
		{8ECE0D08-812B-4B1C-9C0D-3EA378D86F69}.Release|Any CPU.ActiveCfg = Release|Any CPU
		{8ECE0D08-812B-4B1C-9C0D-3EA378D86F69}.Release|Any CPU.Build.0 = Release|Any CPU
		{1C99A802-4801-485C-BC92-6A4B2E022D61}.Debug|Any CPU.ActiveCfg = Debug|Any CPU
		{1C99A802-4801-485C-BC92-6A4B2E022D61}.Debug|Any CPU.Build.0 = Debug|Any CPU
		{1C99A802-4801-485C-BC92-6A4B2E022D61}.Release|Any CPU.ActiveCfg = Release|Any CPU
		{1C99A802-4801-485C-BC92-6A4B2E022D61}.Release|Any CPU.Build.0 = Release|Any CPU
		{5A72C6B8-55A7-4D1D-B627-9DCC37382A06}.Debug|Any CPU.ActiveCfg = Debug|Any CPU
		{5A72C6B8-55A7-4D1D-B627-9DCC37382A06}.Debug|Any CPU.Build.0 = Debug|Any CPU
		{5A72C6B8-55A7-4D1D-B627-9DCC37382A06}.Release|Any CPU.ActiveCfg = Release|Any CPU
		{5A72C6B8-55A7-4D1D-B627-9DCC37382A06}.Release|Any CPU.Build.0 = Release|Any CPU
		{41DDA603-341C-4B6F-A7E6-F218F08A4DA5}.Debug|Any CPU.ActiveCfg = Debug|Any CPU
		{41DDA603-341C-4B6F-A7E6-F218F08A4DA5}.Debug|Any CPU.Build.0 = Debug|Any CPU
		{41DDA603-341C-4B6F-A7E6-F218F08A4DA5}.Release|Any CPU.ActiveCfg = Release|Any CPU
		{41DDA603-341C-4B6F-A7E6-F218F08A4DA5}.Release|Any CPU.Build.0 = Release|Any CPU
		{370702AE-0DBB-4591-A06B-B4F227D981F6}.Debug|Any CPU.ActiveCfg = Debug|Any CPU
		{370702AE-0DBB-4591-A06B-B4F227D981F6}.Debug|Any CPU.Build.0 = Debug|Any CPU
		{370702AE-0DBB-4591-A06B-B4F227D981F6}.Release|Any CPU.ActiveCfg = Release|Any CPU
		{370702AE-0DBB-4591-A06B-B4F227D981F6}.Release|Any CPU.Build.0 = Release|Any CPU
	EndGlobalSection
	GlobalSection(SolutionProperties) = preSolution
		HideSolutionNode = FALSE
	EndGlobalSection
	GlobalSection(ExtensibilityGlobals) = postSolution
		SolutionGuid = {1053F2C6-6CED-4359-B37F-CC4B5285E2A4}
	EndGlobalSection
EndGlobal
