
Microsoft Visual Studio Solution File, Format Version 12.00
# Visual Studio Version 17
VisualStudioVersion = 17.2.32630.192
MinimumVisualStudioVersion = 10.0.40219.1
Project("{9A19103F-16F7-4668-BE54-9A1E7A4F7556}") = "R5T.T0191.Construction", "R5T.T0191.Construction\R5T.T0191.Construction.csproj", "{116CFAF4-B1A0-4217-AE4F-13E0CA983FE4}"
EndProject
Project("{9A19103F-16F7-4668-BE54-9A1E7A4F7556}") = "R5T.T0191", "R5T.T0191\R5T.T0191.csproj", "{7C93772F-0450-4B91-82D2-A78EECAFFA36}"
EndProject
Project("{2150E333-8FDC-42A3-9474-1A3956D46DE8}") = "_Dependencies", "_Dependencies", "{FC34DBDF-1763-4982-A1C9-353AAEA172B7}"
EndProject
Project("{9A19103F-16F7-4668-BE54-9A1E7A4F7556}") = "R5T.T0132", "..\..\R5T.T0132\source\R5T.T0132\R5T.T0132.csproj", "{002042B0-07FC-4BB0-9A8C-E70B50C327AD}"
EndProject
Project("{9A19103F-16F7-4668-BE54-9A1E7A4F7556}") = "R5T.T0143", "..\..\R5T.T0143\source\R5T.T0143\R5T.T0143.csproj", "{A324877B-CBAB-411F-9EC9-30A07C154444}"
EndProject
Project("{9A19103F-16F7-4668-BE54-9A1E7A4F7556}") = "R5T.T0178", "..\..\R5T.T0178\source\R5T.T0178\R5T.T0178.csproj", "{93D0E272-2224-469F-B761-B0C96198D997}"
EndProject
Project("{9A19103F-16F7-4668-BE54-9A1E7A4F7556}") = "R5T.T0179", "..\..\R5T.T0179\source\R5T.T0179\R5T.T0179.csproj", "{727A29B4-2D0E-427F-9BCD-BE201767881E}"
EndProject
Project("{9A19103F-16F7-4668-BE54-9A1E7A4F7556}") = "R5T.T0180", "..\..\R5T.T0180\source\R5T.T0180\R5T.T0180.csproj", "{2251CE2A-368A-404E-87B1-9A14D493FBA1}"
EndProject
Global
	GlobalSection(NestedProjects) = preSolution
		{002042B0-07FC-4BB0-9A8C-E70B50C327AD} = {FC34DBDF-1763-4982-A1C9-353AAEA172B7}
		{A324877B-CBAB-411F-9EC9-30A07C154444} = {FC34DBDF-1763-4982-A1C9-353AAEA172B7}
		{93D0E272-2224-469F-B761-B0C96198D997} = {FC34DBDF-1763-4982-A1C9-353AAEA172B7}
		{727A29B4-2D0E-427F-9BCD-BE201767881E} = {FC34DBDF-1763-4982-A1C9-353AAEA172B7}
		{2251CE2A-368A-404E-87B1-9A14D493FBA1} = {FC34DBDF-1763-4982-A1C9-353AAEA172B7}
	EndGlobalSection
	GlobalSection(SolutionConfigurationPlatforms) = preSolution
		Debug|Any CPU = Debug|Any CPU
		Release|Any CPU = Release|Any CPU
	EndGlobalSection
	GlobalSection(ProjectConfigurationPlatforms) = postSolution
		{116CFAF4-B1A0-4217-AE4F-13E0CA983FE4}.Debug|Any CPU.ActiveCfg = Debug|Any CPU
		{116CFAF4-B1A0-4217-AE4F-13E0CA983FE4}.Debug|Any CPU.Build.0 = Debug|Any CPU
		{116CFAF4-B1A0-4217-AE4F-13E0CA983FE4}.Release|Any CPU.ActiveCfg = Release|Any CPU
		{116CFAF4-B1A0-4217-AE4F-13E0CA983FE4}.Release|Any CPU.Build.0 = Release|Any CPU
		{7C93772F-0450-4B91-82D2-A78EECAFFA36}.Debug|Any CPU.ActiveCfg = Debug|Any CPU
		{7C93772F-0450-4B91-82D2-A78EECAFFA36}.Debug|Any CPU.Build.0 = Debug|Any CPU
		{7C93772F-0450-4B91-82D2-A78EECAFFA36}.Release|Any CPU.ActiveCfg = Release|Any CPU
		{7C93772F-0450-4B91-82D2-A78EECAFFA36}.Release|Any CPU.Build.0 = Release|Any CPU
		{002042B0-07FC-4BB0-9A8C-E70B50C327AD}.Debug|Any CPU.ActiveCfg = Debug|Any CPU
		{002042B0-07FC-4BB0-9A8C-E70B50C327AD}.Debug|Any CPU.Build.0 = Debug|Any CPU
		{002042B0-07FC-4BB0-9A8C-E70B50C327AD}.Release|Any CPU.ActiveCfg = Release|Any CPU
		{002042B0-07FC-4BB0-9A8C-E70B50C327AD}.Release|Any CPU.Build.0 = Release|Any CPU
		{A324877B-CBAB-411F-9EC9-30A07C154444}.Debug|Any CPU.ActiveCfg = Debug|Any CPU
		{A324877B-CBAB-411F-9EC9-30A07C154444}.Debug|Any CPU.Build.0 = Debug|Any CPU
		{A324877B-CBAB-411F-9EC9-30A07C154444}.Release|Any CPU.ActiveCfg = Release|Any CPU
		{A324877B-CBAB-411F-9EC9-30A07C154444}.Release|Any CPU.Build.0 = Release|Any CPU
		{93D0E272-2224-469F-B761-B0C96198D997}.Debug|Any CPU.ActiveCfg = Debug|Any CPU
		{93D0E272-2224-469F-B761-B0C96198D997}.Debug|Any CPU.Build.0 = Debug|Any CPU
		{93D0E272-2224-469F-B761-B0C96198D997}.Release|Any CPU.ActiveCfg = Release|Any CPU
		{93D0E272-2224-469F-B761-B0C96198D997}.Release|Any CPU.Build.0 = Release|Any CPU
		{727A29B4-2D0E-427F-9BCD-BE201767881E}.Debug|Any CPU.ActiveCfg = Debug|Any CPU
		{727A29B4-2D0E-427F-9BCD-BE201767881E}.Debug|Any CPU.Build.0 = Debug|Any CPU
		{727A29B4-2D0E-427F-9BCD-BE201767881E}.Release|Any CPU.ActiveCfg = Release|Any CPU
		{727A29B4-2D0E-427F-9BCD-BE201767881E}.Release|Any CPU.Build.0 = Release|Any CPU
		{2251CE2A-368A-404E-87B1-9A14D493FBA1}.Debug|Any CPU.ActiveCfg = Debug|Any CPU
		{2251CE2A-368A-404E-87B1-9A14D493FBA1}.Debug|Any CPU.Build.0 = Debug|Any CPU
		{2251CE2A-368A-404E-87B1-9A14D493FBA1}.Release|Any CPU.ActiveCfg = Release|Any CPU
		{2251CE2A-368A-404E-87B1-9A14D493FBA1}.Release|Any CPU.Build.0 = Release|Any CPU
	EndGlobalSection
	GlobalSection(SolutionProperties) = preSolution
		HideSolutionNode = FALSE
	EndGlobalSection
	GlobalSection(ExtensibilityGlobals) = postSolution
		SolutionGuid = {2ECD1731-AF65-45AA-9D9D-04FA19E665CE}
	EndGlobalSection
EndGlobal
